
Microsoft Visual Studio Solution File, Format Version 12.00
# Visual Studio Version 16
VisualStudioVersion = 16.0.28711.60
MinimumVisualStudioVersion = 10.0.40219.1
Project("{FAE04EC0-301F-11D3-BF4B-00C04F79EFBC}") = "TeesteEPPlus", "TeesteEPPlus\TeesteEPPlus.csproj", "{B303B694-BFF4-4A1B-9D80-F877A0749AAE}"
EndProject
Global
	GlobalSection(SolutionConfigurationPlatforms) = preSolution
		Debug|Any CPU = Debug|Any CPU
		Release|Any CPU = Release|Any CPU
	EndGlobalSection
	GlobalSection(ProjectConfigurationPlatforms) = postSolution
		{B303B694-BFF4-4A1B-9D80-F877A0749AAE}.Debug|Any CPU.ActiveCfg = Debug|Any CPU
		{B303B694-BFF4-4A1B-9D80-F877A0749AAE}.Debug|Any CPU.Build.0 = Debug|Any CPU
		{B303B694-BFF4-4A1B-9D80-F877A0749AAE}.Release|Any CPU.ActiveCfg = Release|Any CPU
		{B303B694-BFF4-4A1B-9D80-F877A0749AAE}.Release|Any CPU.Build.0 = Release|Any CPU
	EndGlobalSection
	GlobalSection(SolutionProperties) = preSolution
		HideSolutionNode = FALSE
	EndGlobalSection
	GlobalSection(ExtensibilityGlobals) = postSolution
		SolutionGuid = {2C1DFDCE-E6C4-4E21-85B9-68DA168A0852}
	EndGlobalSection
EndGlobal
